
Microsoft Visual Studio Solution File, Format Version 12.00
# Visual Studio Version 17
VisualStudioVersion = 17.5.33530.505
MinimumVisualStudioVersion = 10.0.40219.1
Project("{FAE04EC0-301F-11D3-BF4B-00C04F79EFBC}") = "cx.BinarySerializer", "cx.BinarySerializer\cx.BinarySerializer.csproj", "{B1264FA9-1D7B-49E8-B44B-6A877D53AD25}"
EndProject
Global
	GlobalSection(SolutionConfigurationPlatforms) = preSolution
		Debug|Any CPU = Debug|Any CPU
		Release|Any CPU = Release|Any CPU
	EndGlobalSection
	GlobalSection(ProjectConfigurationPlatforms) = postSolution
		{B1264FA9-1D7B-49E8-B44B-6A877D53AD25}.Debug|Any CPU.ActiveCfg = Debug|Any CPU
		{B1264FA9-1D7B-49E8-B44B-6A877D53AD25}.Debug|Any CPU.Build.0 = Debug|Any CPU
		{B1264FA9-1D7B-49E8-B44B-6A877D53AD25}.Release|Any CPU.ActiveCfg = Release|Any CPU
		{B1264FA9-1D7B-49E8-B44B-6A877D53AD25}.Release|Any CPU.Build.0 = Release|Any CPU
	EndGlobalSection
	GlobalSection(SolutionProperties) = preSolution
		HideSolutionNode = FALSE
	EndGlobalSection
	GlobalSection(ExtensibilityGlobals) = postSolution
		SolutionGuid = {548BA4DC-87B6-4301-BF34-F1C274A9067B}
	EndGlobalSection
EndGlobal
